
Microsoft Visual Studio Solution File, Format Version 12.00
# Visual Studio 15
VisualStudioVersion = 15.0.27703.1
MinimumVisualStudioVersion = 10.0.40219.1
Project("{9A19103F-16F7-4668-BE54-9A1E7A4F7556}") = "Omnibus.Core", "Omnibus.Core\Omnibus.Core.csproj", "{6C5DB16B-0A4D-4372-B3B5-4F1C74CEE12C}"
EndProject
Project("{FAE04EC0-301F-11D3-BF4B-00C04F79EFBC}") = "Omnibus.TestApp", "Omnibus.TestApp\Omnibus.TestApp.csproj", "{BCD76911-9DDD-4BD1-B499-DC86F61F2BE5}"
EndProject
Global
	GlobalSection(SolutionConfigurationPlatforms) = preSolution
		Debug|Any CPU = Debug|Any CPU
		Release|Any CPU = Release|Any CPU
	EndGlobalSection
	GlobalSection(ProjectConfigurationPlatforms) = postSolution
		{6C5DB16B-0A4D-4372-B3B5-4F1C74CEE12C}.Debug|Any CPU.ActiveCfg = Debug|Any CPU
		{6C5DB16B-0A4D-4372-B3B5-4F1C74CEE12C}.Debug|Any CPU.Build.0 = Debug|Any CPU
		{6C5DB16B-0A4D-4372-B3B5-4F1C74CEE12C}.Release|Any CPU.ActiveCfg = Release|Any CPU
		{6C5DB16B-0A4D-4372-B3B5-4F1C74CEE12C}.Release|Any CPU.Build.0 = Release|Any CPU
		{BCD76911-9DDD-4BD1-B499-DC86F61F2BE5}.Debug|Any CPU.ActiveCfg = Debug|Any CPU
		{BCD76911-9DDD-4BD1-B499-DC86F61F2BE5}.Debug|Any CPU.Build.0 = Debug|Any CPU
		{BCD76911-9DDD-4BD1-B499-DC86F61F2BE5}.Release|Any CPU.ActiveCfg = Release|Any CPU
		{BCD76911-9DDD-4BD1-B499-DC86F61F2BE5}.Release|Any CPU.Build.0 = Release|Any CPU
	EndGlobalSection
	GlobalSection(SolutionProperties) = preSolution
		HideSolutionNode = FALSE
	EndGlobalSection
	GlobalSection(ExtensibilityGlobals) = postSolution
		SolutionGuid = {3CD763EB-73D6-4CCF-9A5F-995EE04CD867}
	EndGlobalSection
EndGlobal
